
Microsoft Visual Studio Solution File, Format Version 12.00
# Visual Studio Version 17
VisualStudioVersion = 17.11.35327.3
MinimumVisualStudioVersion = 10.0.40219.1
Project("{FAE04EC0-301F-11D3-BF4B-00C04F79EFBC}") = "MorseCode_Convertor", "MorseCode_Convertor\MorseCode_Convertor.csproj", "{2B20B07D-26E5-4649-AC18-D819AACF1C0F}"
EndProject
Global
	GlobalSection(SolutionConfigurationPlatforms) = preSolution
		Debug|Any CPU = Debug|Any CPU
		Release|Any CPU = Release|Any CPU
	EndGlobalSection
	GlobalSection(ProjectConfigurationPlatforms) = postSolution
		{2B20B07D-26E5-4649-AC18-D819AACF1C0F}.Debug|Any CPU.ActiveCfg = Debug|Any CPU
		{2B20B07D-26E5-4649-AC18-D819AACF1C0F}.Debug|Any CPU.Build.0 = Debug|Any CPU
		{2B20B07D-26E5-4649-AC18-D819AACF1C0F}.Release|Any CPU.ActiveCfg = Release|Any CPU
		{2B20B07D-26E5-4649-AC18-D819AACF1C0F}.Release|Any CPU.Build.0 = Release|Any CPU
	EndGlobalSection
	GlobalSection(SolutionProperties) = preSolution
		HideSolutionNode = FALSE
	EndGlobalSection
	GlobalSection(ExtensibilityGlobals) = postSolution
		SolutionGuid = {541CC01A-94F0-4CBF-938A-2DE1FEE066FE}
	EndGlobalSection
EndGlobal
